// !$*UTF8*$!
{
	archiveVersion = 1;
	classes = {
	};
	objectVersion = 56;
	objects = {

/* Begin PBXBuildFile section */
		A2BEBD7E2B3663F000DBA7FC /* RandomThoughtsApp.swift in Sources */ = {isa = PBXBuildFile; fileRef = A2BEBD7D2B3663F000DBA7FC /* RandomThoughtsApp.swift */; };
		A2BEBD802B3663F000DBA7FC /* ContentView.swift in Sources */ = {isa = PBXBuildFile; fileRef = A2BEBD7F2B3663F000DBA7FC /* ContentView.swift */; };
		A2BEBD822B3663F300DBA7FC /* Assets.xcassets in Resources */ = {isa = PBXBuildFile; fileRef = A2BEBD812B3663F200DBA7FC /* Assets.xcassets */; };
		A2BEBD862B3663F300DBA7FC /* Preview Assets.xcassets in Resources */ = {isa = PBXBuildFile; fileRef = A2BEBD852B3663F300DBA7FC /* Preview Assets.xcassets */; };
		A2BEBD902B3663F300DBA7FC /* RandomThoughtsTests.swift in Sources */ = {isa = PBXBuildFile; fileRef = A2BEBD8F2B3663F300DBA7FC /* RandomThoughtsTests.swift */; };
		A2BEBD9A2B3663F300DBA7FC /* RandomThoughtsUITests.swift in Sources */ = {isa = PBXBuildFile; fileRef = A2BEBD992B3663F300DBA7FC /* RandomThoughtsUITests.swift */; };
		A2BEBD9C2B3663F300DBA7FC /* RandomThoughtsUITestsLaunchTests.swift in Sources */ = {isa = PBXBuildFile; fileRef = A2BEBD9B2B3663F300DBA7FC /* RandomThoughtsUITestsLaunchTests.swift */; };
		A2BEBDAB2B36649600DBA7FC /* LoginView.swift in Sources */ = {isa = PBXBuildFile; fileRef = A2BEBDAA2B36649600DBA7FC /* LoginView.swift */; };
		A2BEBDAE2B3664E100DBA7FC /* LoginViewModel.swift in Sources */ = {isa = PBXBuildFile; fileRef = A2BEBDAD2B3664E100DBA7FC /* LoginViewModel.swift */; };
		A2BEBDB12B36657000DBA7FC /* LoginService.swift in Sources */ = {isa = PBXBuildFile; fileRef = A2BEBDB02B36657000DBA7FC /* LoginService.swift */; };
		A2BEBDB42B3665FD00DBA7FC /* NetworkService.swift in Sources */ = {isa = PBXBuildFile; fileRef = A2BEBDB32B3665FD00DBA7FC /* NetworkService.swift */; };
		A2BEBDB82B36669B00DBA7FC /* MockLoginService.swift in Sources */ = {isa = PBXBuildFile; fileRef = A2BEBDB72B36669B00DBA7FC /* MockLoginService.swift */; };
		A2BEBDBA2B36680600DBA7FC /* APIEndPoint.swift in Sources */ = {isa = PBXBuildFile; fileRef = A2BEBDB92B36680600DBA7FC /* APIEndPoint.swift */; };
		A2BEBDBC2B366A6500DBA7FC /* RequestBuilder.swift in Sources */ = {isa = PBXBuildFile; fileRef = A2BEBDBB2B366A6500DBA7FC /* RequestBuilder.swift */; };
		A2BEBDBE2B367F3000DBA7FC /* MockServiceResponse.swift in Sources */ = {isa = PBXBuildFile; fileRef = A2BEBDBD2B367F3000DBA7FC /* MockServiceResponse.swift */; };
		A2BEBDC12B3680E300DBA7FC /* LoginViewModelTests.swift in Sources */ = {isa = PBXBuildFile; fileRef = A2BEBDC02B3680E300DBA7FC /* LoginViewModelTests.swift */; };
		A2BEBDC52B37107000DBA7FC /* HomeView.swift in Sources */ = {isa = PBXBuildFile; fileRef = A2BEBDC42B37107000DBA7FC /* HomeView.swift */; };
		A2BEBDC62B37149A00DBA7FC /* MockServiceResponse.swift in Sources */ = {isa = PBXBuildFile; fileRef = A2BEBDBD2B367F3000DBA7FC /* MockServiceResponse.swift */; };
		A2BEBDC72B37149D00DBA7FC /* MockLoginService.swift in Sources */ = {isa = PBXBuildFile; fileRef = A2BEBDB72B36669B00DBA7FC /* MockLoginService.swift */; };
		A2BEBDC92B37307400DBA7FC /* SplitView.swift in Sources */ = {isa = PBXBuildFile; fileRef = A2BEBDC82B37307400DBA7FC /* SplitView.swift */; };
		A2BEBDCD2B3788C000DBA7FC /* ProfileView.swift in Sources */ = {isa = PBXBuildFile; fileRef = A2BEBDCC2B3788C000DBA7FC /* ProfileView.swift */; };
		A2BEBDD12B3904AB00DBA7FC /* QuestionView.swift in Sources */ = {isa = PBXBuildFile; fileRef = A2BEBDD02B3904AB00DBA7FC /* QuestionView.swift */; };
		A2BEBDD32B39075F00DBA7FC /* NewView.swift in Sources */ = {isa = PBXBuildFile; fileRef = A2BEBDD22B39075F00DBA7FC /* NewView.swift */; };
		A2BEBDD72B39D86800DBA7FC /* ChartView.swift in Sources */ = {isa = PBXBuildFile; fileRef = A2BEBDD62B39D86800DBA7FC /* ChartView.swift */; };
		A2BEBDD92B3A025D00DBA7FC /* PieChartView.swift in Sources */ = {isa = PBXBuildFile; fileRef = A2BEBDD82B3A025D00DBA7FC /* PieChartView.swift */; };
		A2BEBDDD2B3A15F900DBA7FC /* AddressView.swift in Sources */ = {isa = PBXBuildFile; fileRef = A2BEBDDC2B3A15F900DBA7FC /* AddressView.swift */; };
		A2BEBDE12B3A652600DBA7FC /* LoadingView.swift in Sources */ = {isa = PBXBuildFile; fileRef = A2BEBDE02B3A652600DBA7FC /* LoadingView.swift */; };
		A2BEBDE32B3B2A0800DBA7FC /* FlippingPageView.swift in Sources */ = {isa = PBXBuildFile; fileRef = A2BEBDE22B3B2A0800DBA7FC /* FlippingPageView.swift */; };
		A2BEBDE72B3B6B4300DBA7FC /* DealDetailView.swift in Sources */ = {isa = PBXBuildFile; fileRef = A2BEBDE62B3B6B4300DBA7FC /* DealDetailView.swift */; };
		A2BEBDEA2B3B6B7900DBA7FC /* Deal.swift in Sources */ = {isa = PBXBuildFile; fileRef = A2BEBDE92B3B6B7900DBA7FC /* Deal.swift */; };
		A2BEBDEE2B3CCF1300DBA7FC /* EmploymentView.swift in Sources */ = {isa = PBXBuildFile; fileRef = A2BEBDED2B3CCF1300DBA7FC /* EmploymentView.swift */; };
/* End PBXBuildFile section */

/* Begin PBXContainerItemProxy section */
		A2BEBD8C2B3663F300DBA7FC /* PBXContainerItemProxy */ = {
			isa = PBXContainerItemProxy;
			containerPortal = A2BEBD722B3663F000DBA7FC /* Project object */;
			proxyType = 1;
			remoteGlobalIDString = A2BEBD792B3663F000DBA7FC;
			remoteInfo = RandomThoughts;
		};
		A2BEBD962B3663F300DBA7FC /* PBXContainerItemProxy */ = {
			isa = PBXContainerItemProxy;
			containerPortal = A2BEBD722B3663F000DBA7FC /* Project object */;
			proxyType = 1;
			remoteGlobalIDString = A2BEBD792B3663F000DBA7FC;
			remoteInfo = RandomThoughts;
		};
/* End PBXContainerItemProxy section */

/* Begin PBXFileReference section */
		A2BEBD7A2B3663F000DBA7FC /* RandomThoughts.app */ = {isa = PBXFileReference; explicitFileType = wrapper.application; includeInIndex = 0; path = RandomThoughts.app; sourceTree = BUILT_PRODUCTS_DIR; };
		A2BEBD7D2B3663F000DBA7FC /* RandomThoughtsApp.swift */ = {isa = PBXFileReference; lastKnownFileType = sourcecode.swift; path = RandomThoughtsApp.swift; sourceTree = "<group>"; };
		A2BEBD7F2B3663F000DBA7FC /* ContentView.swift */ = {isa = PBXFileReference; lastKnownFileType = sourcecode.swift; path = ContentView.swift; sourceTree = "<group>"; };
		A2BEBD812B3663F200DBA7FC /* Assets.xcassets */ = {isa = PBXFileReference; lastKnownFileType = folder.assetcatalog; path = Assets.xcassets; sourceTree = "<group>"; };
		A2BEBD832B3663F300DBA7FC /* RandomThoughts.entitlements */ = {isa = PBXFileReference; lastKnownFileType = text.plist.entitlements; path = RandomThoughts.entitlements; sourceTree = "<group>"; };
		A2BEBD852B3663F300DBA7FC /* Preview Assets.xcassets */ = {isa = PBXFileReference; lastKnownFileType = folder.assetcatalog; path = "Preview Assets.xcassets"; sourceTree = "<group>"; };
		A2BEBD8B2B3663F300DBA7FC /* RandomThoughtsTests.xctest */ = {isa = PBXFileReference; explicitFileType = wrapper.cfbundle; includeInIndex = 0; path = RandomThoughtsTests.xctest; sourceTree = BUILT_PRODUCTS_DIR; };
		A2BEBD8F2B3663F300DBA7FC /* RandomThoughtsTests.swift */ = {isa = PBXFileReference; lastKnownFileType = sourcecode.swift; path = RandomThoughtsTests.swift; sourceTree = "<group>"; };
		A2BEBD952B3663F300DBA7FC /* RandomThoughtsUITests.xctest */ = {isa = PBXFileReference; explicitFileType = wrapper.cfbundle; includeInIndex = 0; path = RandomThoughtsUITests.xctest; sourceTree = BUILT_PRODUCTS_DIR; };
		A2BEBD992B3663F300DBA7FC /* RandomThoughtsUITests.swift */ = {isa = PBXFileReference; lastKnownFileType = sourcecode.swift; path = RandomThoughtsUITests.swift; sourceTree = "<group>"; };
		A2BEBD9B2B3663F300DBA7FC /* RandomThoughtsUITestsLaunchTests.swift */ = {isa = PBXFileReference; lastKnownFileType = sourcecode.swift; path = RandomThoughtsUITestsLaunchTests.swift; sourceTree = "<group>"; };
		A2BEBDAA2B36649600DBA7FC /* LoginView.swift */ = {isa = PBXFileReference; lastKnownFileType = sourcecode.swift; path = LoginView.swift; sourceTree = "<group>"; };
		A2BEBDAD2B3664E100DBA7FC /* LoginViewModel.swift */ = {isa = PBXFileReference; lastKnownFileType = sourcecode.swift; path = LoginViewModel.swift; sourceTree = "<group>"; };
		A2BEBDB02B36657000DBA7FC /* LoginService.swift */ = {isa = PBXFileReference; lastKnownFileType = sourcecode.swift; path = LoginService.swift; sourceTree = "<group>"; };
		A2BEBDB32B3665FD00DBA7FC /* NetworkService.swift */ = {isa = PBXFileReference; lastKnownFileType = sourcecode.swift; path = NetworkService.swift; sourceTree = "<group>"; };
		A2BEBDB72B36669B00DBA7FC /* MockLoginService.swift */ = {isa = PBXFileReference; lastKnownFileType = sourcecode.swift; path = MockLoginService.swift; sourceTree = "<group>"; };
		A2BEBDB92B36680600DBA7FC /* APIEndPoint.swift */ = {isa = PBXFileReference; lastKnownFileType = sourcecode.swift; path = APIEndPoint.swift; sourceTree = "<group>"; };
		A2BEBDBB2B366A6500DBA7FC /* RequestBuilder.swift */ = {isa = PBXFileReference; lastKnownFileType = sourcecode.swift; path = RequestBuilder.swift; sourceTree = "<group>"; };
		A2BEBDBD2B367F3000DBA7FC /* MockServiceResponse.swift */ = {isa = PBXFileReference; lastKnownFileType = sourcecode.swift; path = MockServiceResponse.swift; sourceTree = "<group>"; };
		A2BEBDC02B3680E300DBA7FC /* LoginViewModelTests.swift */ = {isa = PBXFileReference; lastKnownFileType = sourcecode.swift; path = LoginViewModelTests.swift; sourceTree = "<group>"; };
		A2BEBDC42B37107000DBA7FC /* HomeView.swift */ = {isa = PBXFileReference; lastKnownFileType = sourcecode.swift; path = HomeView.swift; sourceTree = "<group>"; };
		A2BEBDC82B37307400DBA7FC /* SplitView.swift */ = {isa = PBXFileReference; lastKnownFileType = sourcecode.swift; path = SplitView.swift; sourceTree = "<group>"; };
		A2BEBDCC2B3788C000DBA7FC /* ProfileView.swift */ = {isa = PBXFileReference; lastKnownFileType = sourcecode.swift; path = ProfileView.swift; sourceTree = "<group>"; };
		A2BEBDD02B3904AB00DBA7FC /* QuestionView.swift */ = {isa = PBXFileReference; lastKnownFileType = sourcecode.swift; path = QuestionView.swift; sourceTree = "<group>"; };
		A2BEBDD22B39075F00DBA7FC /* NewView.swift */ = {isa = PBXFileReference; lastKnownFileType = sourcecode.swift; path = NewView.swift; sourceTree = "<group>"; };
		A2BEBDD62B39D86800DBA7FC /* ChartView.swift */ = {isa = PBXFileReference; lastKnownFileType = sourcecode.swift; path = ChartView.swift; sourceTree = "<group>"; };
		A2BEBDD82B3A025D00DBA7FC /* PieChartView.swift */ = {isa = PBXFileReference; lastKnownFileType = sourcecode.swift; path = PieChartView.swift; sourceTree = "<group>"; };
		A2BEBDDC2B3A15F900DBA7FC /* AddressView.swift */ = {isa = PBXFileReference; lastKnownFileType = sourcecode.swift; path = AddressView.swift; sourceTree = "<group>"; };
		A2BEBDE02B3A652600DBA7FC /* LoadingView.swift */ = {isa = PBXFileReference; lastKnownFileType = sourcecode.swift; path = LoadingView.swift; sourceTree = "<group>"; };
		A2BEBDE22B3B2A0800DBA7FC /* FlippingPageView.swift */ = {isa = PBXFileReference; lastKnownFileType = sourcecode.swift; path = FlippingPageView.swift; sourceTree = "<group>"; };
		A2BEBDE62B3B6B4300DBA7FC /* DealDetailView.swift */ = {isa = PBXFileReference; lastKnownFileType = sourcecode.swift; path = DealDetailView.swift; sourceTree = "<group>"; };
		A2BEBDE92B3B6B7900DBA7FC /* Deal.swift */ = {isa = PBXFileReference; lastKnownFileType = sourcecode.swift; path = Deal.swift; sourceTree = "<group>"; };
		A2BEBDED2B3CCF1300DBA7FC /* EmploymentView.swift */ = {isa = PBXFileReference; lastKnownFileType = sourcecode.swift; path = EmploymentView.swift; sourceTree = "<group>"; };
/* End PBXFileReference section */

/* Begin PBXFrameworksBuildPhase section */
		A2BEBD772B3663F000DBA7FC /* Frameworks */ = {
			isa = PBXFrameworksBuildPhase;
			buildActionMask = 2147483647;
			files = (
			);
			runOnlyForDeploymentPostprocessing = 0;
		};
		A2BEBD882B3663F300DBA7FC /* Frameworks */ = {
			isa = PBXFrameworksBuildPhase;
			buildActionMask = 2147483647;
			files = (
			);
			runOnlyForDeploymentPostprocessing = 0;
		};
		A2BEBD922B3663F300DBA7FC /* Frameworks */ = {
			isa = PBXFrameworksBuildPhase;
			buildActionMask = 2147483647;
			files = (
			);
			runOnlyForDeploymentPostprocessing = 0;
		};
/* End PBXFrameworksBuildPhase section */

/* Begin PBXGroup section */
		A2BEBD712B3663F000DBA7FC = {
			isa = PBXGroup;
			children = (
				A2BEBD7C2B3663F000DBA7FC /* RandomThoughts */,
				A2BEBD8E2B3663F300DBA7FC /* RandomThoughtsTests */,
				A2BEBD982B3663F300DBA7FC /* RandomThoughtsUITests */,
				A2BEBD7B2B3663F000DBA7FC /* Products */,
			);
			sourceTree = "<group>";
		};
		A2BEBD7B2B3663F000DBA7FC /* Products */ = {
			isa = PBXGroup;
			children = (
				A2BEBD7A2B3663F000DBA7FC /* RandomThoughts.app */,
				A2BEBD8B2B3663F300DBA7FC /* RandomThoughtsTests.xctest */,
				A2BEBD952B3663F300DBA7FC /* RandomThoughtsUITests.xctest */,
			);
			name = Products;
			sourceTree = "<group>";
		};
		A2BEBD7C2B3663F000DBA7FC /* RandomThoughts */ = {
			isa = PBXGroup;
			children = (
				A2BEBDEB2B3CCEE500DBA7FC /* Employment */,
				A2BEBDE42B3B6B2B00DBA7FC /* DealDetail */,
				A2BEBDDE2B3A650F00DBA7FC /* Utitlites */,
				A2BEBDDA2B3A15D500DBA7FC /* Address */,
				A2BEBDD42B39D84A00DBA7FC /* ChartView */,
				A2BEBDCE2B39047C00DBA7FC /* Question */,
				A2BEBDCA2B3788A800DBA7FC /* Profile */,
				A2BEBDC22B37105400DBA7FC /* HomeScreen */,
				A2BEBDB22B3665E100DBA7FC /* NetworkService */,
				A2BEBDA82B36641500DBA7FC /* Login */,
				A2BEBD7D2B3663F000DBA7FC /* RandomThoughtsApp.swift */,
				A2BEBD7F2B3663F000DBA7FC /* ContentView.swift */,
				A2BEBDC82B37307400DBA7FC /* SplitView.swift */,
				A2BEBD812B3663F200DBA7FC /* Assets.xcassets */,
				A2BEBD832B3663F300DBA7FC /* RandomThoughts.entitlements */,
				A2BEBD842B3663F300DBA7FC /* Preview Content */,
			);
			path = RandomThoughts;
			sourceTree = "<group>";
		};
		A2BEBD842B3663F300DBA7FC /* Preview Content */ = {
			isa = PBXGroup;
			children = (
				A2BEBD852B3663F300DBA7FC /* Preview Assets.xcassets */,
			);
			path = "Preview Content";
			sourceTree = "<group>";
		};
		A2BEBD8E2B3663F300DBA7FC /* RandomThoughtsTests */ = {
			isa = PBXGroup;
			children = (
				A2BEBDB52B36666800DBA7FC /* LoginTests */,
				A2BEBD8F2B3663F300DBA7FC /* RandomThoughtsTests.swift */,
			);
			path = RandomThoughtsTests;
			sourceTree = "<group>";
		};
		A2BEBD982B3663F300DBA7FC /* RandomThoughtsUITests */ = {
			isa = PBXGroup;
			children = (
				A2BEBD992B3663F300DBA7FC /* RandomThoughtsUITests.swift */,
				A2BEBD9B2B3663F300DBA7FC /* RandomThoughtsUITestsLaunchTests.swift */,
			);
			path = RandomThoughtsUITests;
			sourceTree = "<group>";
		};
		A2BEBDA82B36641500DBA7FC /* Login */ = {
			isa = PBXGroup;
			children = (
				A2BEBDAF2B36655500DBA7FC /* Service */,
				A2BEBDAC2B3664C600DBA7FC /* ViewModel */,
				A2BEBDA92B36642300DBA7FC /* Views */,
			);
			path = Login;
			sourceTree = "<group>";
		};
		A2BEBDA92B36642300DBA7FC /* Views */ = {
			isa = PBXGroup;
			children = (
				A2BEBDAA2B36649600DBA7FC /* LoginView.swift */,
			);
			path = Views;
			sourceTree = "<group>";
		};
		A2BEBDAC2B3664C600DBA7FC /* ViewModel */ = {
			isa = PBXGroup;
			children = (
				A2BEBDAD2B3664E100DBA7FC /* LoginViewModel.swift */,
			);
			path = ViewModel;
			sourceTree = "<group>";
		};
		A2BEBDAF2B36655500DBA7FC /* Service */ = {
			isa = PBXGroup;
			children = (
				A2BEBDB02B36657000DBA7FC /* LoginService.swift */,
			);
			path = Service;
			sourceTree = "<group>";
		};
		A2BEBDB22B3665E100DBA7FC /* NetworkService */ = {
			isa = PBXGroup;
			children = (
				A2BEBDB32B3665FD00DBA7FC /* NetworkService.swift */,
				A2BEBDB92B36680600DBA7FC /* APIEndPoint.swift */,
				A2BEBDBB2B366A6500DBA7FC /* RequestBuilder.swift */,
			);
			path = NetworkService;
			sourceTree = "<group>";
		};
		A2BEBDB52B36666800DBA7FC /* LoginTests */ = {
			isa = PBXGroup;
			children = (
				A2BEBDBF2B3680D500DBA7FC /* ViewModelTests */,
				A2BEBDB62B36667C00DBA7FC /* Helpers */,
			);
			path = LoginTests;
			sourceTree = "<group>";
		};
		A2BEBDB62B36667C00DBA7FC /* Helpers */ = {
			isa = PBXGroup;
			children = (
				A2BEBDB72B36669B00DBA7FC /* MockLoginService.swift */,
				A2BEBDBD2B367F3000DBA7FC /* MockServiceResponse.swift */,
			);
			path = Helpers;
			sourceTree = "<group>";
		};
		A2BEBDBF2B3680D500DBA7FC /* ViewModelTests */ = {
			isa = PBXGroup;
			children = (
				A2BEBDC02B3680E300DBA7FC /* LoginViewModelTests.swift */,
			);
			path = ViewModelTests;
			sourceTree = "<group>";
		};
		A2BEBDC22B37105400DBA7FC /* HomeScreen */ = {
			isa = PBXGroup;
			children = (
				A2BEBDC32B37106200DBA7FC /* Views */,
			);
			path = HomeScreen;
			sourceTree = "<group>";
		};
		A2BEBDC32B37106200DBA7FC /* Views */ = {
			isa = PBXGroup;
			children = (
				A2BEBDC42B37107000DBA7FC /* HomeView.swift */,
			);
			path = Views;
			sourceTree = "<group>";
		};
		A2BEBDCA2B3788A800DBA7FC /* Profile */ = {
			isa = PBXGroup;
			children = (
				A2BEBDCB2B3788B700DBA7FC /* Views */,
			);
			path = Profile;
			sourceTree = "<group>";
		};
		A2BEBDCB2B3788B700DBA7FC /* Views */ = {
			isa = PBXGroup;
			children = (
				A2BEBDCC2B3788C000DBA7FC /* ProfileView.swift */,
			);
			path = Views;
			sourceTree = "<group>";
		};
		A2BEBDCE2B39047C00DBA7FC /* Question */ = {
			isa = PBXGroup;
			children = (
				A2BEBDCF2B39049800DBA7FC /* Views */,
			);
			path = Question;
			sourceTree = "<group>";
		};
		A2BEBDCF2B39049800DBA7FC /* Views */ = {
			isa = PBXGroup;
			children = (
				A2BEBDD02B3904AB00DBA7FC /* QuestionView.swift */,
				A2BEBDD22B39075F00DBA7FC /* NewView.swift */,
			);
			path = Views;
			sourceTree = "<group>";
		};
		A2BEBDD42B39D84A00DBA7FC /* ChartView */ = {
			isa = PBXGroup;
			children = (
				A2BEBDD52B39D85000DBA7FC /* Views */,
			);
			path = ChartView;
			sourceTree = "<group>";
		};
		A2BEBDD52B39D85000DBA7FC /* Views */ = {
			isa = PBXGroup;
			children = (
				A2BEBDD62B39D86800DBA7FC /* ChartView.swift */,
				A2BEBDD82B3A025D00DBA7FC /* PieChartView.swift */,
			);
			path = Views;
			sourceTree = "<group>";
		};
		A2BEBDDA2B3A15D500DBA7FC /* Address */ = {
			isa = PBXGroup;
			children = (
				A2BEBDDB2B3A15DE00DBA7FC /* Views */,
			);
			path = Address;
			sourceTree = "<group>";
		};
		A2BEBDDB2B3A15DE00DBA7FC /* Views */ = {
			isa = PBXGroup;
			children = (
				A2BEBDDC2B3A15F900DBA7FC /* AddressView.swift */,
			);
			path = Views;
			sourceTree = "<group>";
		};
		A2BEBDDE2B3A650F00DBA7FC /* Utitlites */ = {
			isa = PBXGroup;
			children = (
				A2BEBDDF2B3A651900DBA7FC /* Views */,
			);
			path = Utitlites;
			sourceTree = "<group>";
		};
		A2BEBDDF2B3A651900DBA7FC /* Views */ = {
			isa = PBXGroup;
			children = (
				A2BEBDE02B3A652600DBA7FC /* LoadingView.swift */,
				A2BEBDE22B3B2A0800DBA7FC /* FlippingPageView.swift */,
			);
			path = Views;
			sourceTree = "<group>";
		};
		A2BEBDE42B3B6B2B00DBA7FC /* DealDetail */ = {
			isa = PBXGroup;
			children = (
				A2BEBDE82B3B6B6E00DBA7FC /* Model */,
				A2BEBDE52B3B6B3000DBA7FC /* Views */,
			);
			path = DealDetail;
			sourceTree = "<group>";
		};
		A2BEBDE52B3B6B3000DBA7FC /* Views */ = {
			isa = PBXGroup;
			children = (
				A2BEBDE62B3B6B4300DBA7FC /* DealDetailView.swift */,
			);
			path = Views;
			sourceTree = "<group>";
		};
		A2BEBDE82B3B6B6E00DBA7FC /* Model */ = {
			isa = PBXGroup;
			children = (
				A2BEBDE92B3B6B7900DBA7FC /* Deal.swift */,
			);
			path = Model;
			sourceTree = "<group>";
		};
		A2BEBDEB2B3CCEE500DBA7FC /* Employment */ = {
			isa = PBXGroup;
			children = (
				A2BEBDEC2B3CCEF500DBA7FC /* Views */,
			);
			path = Employment;
			sourceTree = "<group>";
		};
		A2BEBDEC2B3CCEF500DBA7FC /* Views */ = {
			isa = PBXGroup;
			children = (
				A2BEBDED2B3CCF1300DBA7FC /* EmploymentView.swift */,
			);
			path = Views;
			sourceTree = "<group>";
		};
/* End PBXGroup section */

/* Begin PBXNativeTarget section */
		A2BEBD792B3663F000DBA7FC /* RandomThoughts */ = {
			isa = PBXNativeTarget;
			buildConfigurationList = A2BEBD9F2B3663F300DBA7FC /* Build configuration list for PBXNativeTarget "RandomThoughts" */;
			buildPhases = (
				A2BEBD762B3663F000DBA7FC /* Sources */,
				A2BEBD772B3663F000DBA7FC /* Frameworks */,
				A2BEBD782B3663F000DBA7FC /* Resources */,
			);
			buildRules = (
			);
			dependencies = (
			);
			name = RandomThoughts;
			productName = RandomThoughts;
			productReference = A2BEBD7A2B3663F000DBA7FC /* RandomThoughts.app */;
			productType = "com.apple.product-type.application";
		};
		A2BEBD8A2B3663F300DBA7FC /* RandomThoughtsTests */ = {
			isa = PBXNativeTarget;
			buildConfigurationList = A2BEBDA22B3663F300DBA7FC /* Build configuration list for PBXNativeTarget "RandomThoughtsTests" */;
			buildPhases = (
				A2BEBD872B3663F300DBA7FC /* Sources */,
				A2BEBD882B3663F300DBA7FC /* Frameworks */,
				A2BEBD892B3663F300DBA7FC /* Resources */,
			);
			buildRules = (
			);
			dependencies = (
				A2BEBD8D2B3663F300DBA7FC /* PBXTargetDependency */,
			);
			name = RandomThoughtsTests;
			productName = RandomThoughtsTests;
			productReference = A2BEBD8B2B3663F300DBA7FC /* RandomThoughtsTests.xctest */;
			productType = "com.apple.product-type.bundle.unit-test";
		};
		A2BEBD942B3663F300DBA7FC /* RandomThoughtsUITests */ = {
			isa = PBXNativeTarget;
			buildConfigurationList = A2BEBDA52B3663F300DBA7FC /* Build configuration list for PBXNativeTarget "RandomThoughtsUITests" */;
			buildPhases = (
				A2BEBD912B3663F300DBA7FC /* Sources */,
				A2BEBD922B3663F300DBA7FC /* Frameworks */,
				A2BEBD932B3663F300DBA7FC /* Resources */,
			);
			buildRules = (
			);
			dependencies = (
				A2BEBD972B3663F300DBA7FC /* PBXTargetDependency */,
			);
			name = RandomThoughtsUITests;
			productName = RandomThoughtsUITests;
			productReference = A2BEBD952B3663F300DBA7FC /* RandomThoughtsUITests.xctest */;
			productType = "com.apple.product-type.bundle.ui-testing";
		};
/* End PBXNativeTarget section */

/* Begin PBXProject section */
		A2BEBD722B3663F000DBA7FC /* Project object */ = {
			isa = PBXProject;
			attributes = {
				BuildIndependentTargetsInParallel = 1;
				LastSwiftUpdateCheck = 1510;
				LastUpgradeCheck = 1510;
				TargetAttributes = {
					A2BEBD792B3663F000DBA7FC = {
						CreatedOnToolsVersion = 15.1;
					};
					A2BEBD8A2B3663F300DBA7FC = {
						CreatedOnToolsVersion = 15.1;
						TestTargetID = A2BEBD792B3663F000DBA7FC;
					};
					A2BEBD942B3663F300DBA7FC = {
						CreatedOnToolsVersion = 15.1;
						TestTargetID = A2BEBD792B3663F000DBA7FC;
					};
				};
			};
			buildConfigurationList = A2BEBD752B3663F000DBA7FC /* Build configuration list for PBXProject "RandomThoughts" */;
			compatibilityVersion = "Xcode 14.0";
			developmentRegion = en;
			hasScannedForEncodings = 0;
			knownRegions = (
				en,
				Base,
			);
			mainGroup = A2BEBD712B3663F000DBA7FC;
			productRefGroup = A2BEBD7B2B3663F000DBA7FC /* Products */;
			projectDirPath = "";
			projectRoot = "";
			targets = (
				A2BEBD792B3663F000DBA7FC /* RandomThoughts */,
				A2BEBD8A2B3663F300DBA7FC /* RandomThoughtsTests */,
				A2BEBD942B3663F300DBA7FC /* RandomThoughtsUITests */,
			);
		};
/* End PBXProject section */

/* Begin PBXResourcesBuildPhase section */
		A2BEBD782B3663F000DBA7FC /* Resources */ = {
			isa = PBXResourcesBuildPhase;
			buildActionMask = 2147483647;
			files = (
				A2BEBD862B3663F300DBA7FC /* Preview Assets.xcassets in Resources */,
				A2BEBD822B3663F300DBA7FC /* Assets.xcassets in Resources */,
			);
			runOnlyForDeploymentPostprocessing = 0;
		};
		A2BEBD892B3663F300DBA7FC /* Resources */ = {
			isa = PBXResourcesBuildPhase;
			buildActionMask = 2147483647;
			files = (
			);
			runOnlyForDeploymentPostprocessing = 0;
		};
		A2BEBD932B3663F300DBA7FC /* Resources */ = {
			isa = PBXResourcesBuildPhase;
			buildActionMask = 2147483647;
			files = (
			);
			runOnlyForDeploymentPostprocessing = 0;
		};
/* End PBXResourcesBuildPhase section */

/* Begin PBXSourcesBuildPhase section */
		A2BEBD762B3663F000DBA7FC /* Sources */ = {
			isa = PBXSourcesBuildPhase;
			buildActionMask = 2147483647;
			files = (
				A2BEBDC52B37107000DBA7FC /* HomeView.swift in Sources */,
				A2BEBDCD2B3788C000DBA7FC /* ProfileView.swift in Sources */,
				A2BEBDE32B3B2A0800DBA7FC /* FlippingPageView.swift in Sources */,
				A2BEBDAE2B3664E100DBA7FC /* LoginViewModel.swift in Sources */,
				A2BEBDD32B39075F00DBA7FC /* NewView.swift in Sources */,
				A2BEBDAB2B36649600DBA7FC /* LoginView.swift in Sources */,
				A2BEBDDD2B3A15F900DBA7FC /* AddressView.swift in Sources */,
				A2BEBDB12B36657000DBA7FC /* LoginService.swift in Sources */,
				A2BEBD802B3663F000DBA7FC /* ContentView.swift in Sources */,
				A2BEBDD72B39D86800DBA7FC /* ChartView.swift in Sources */,
				A2BEBDC92B37307400DBA7FC /* SplitView.swift in Sources */,
				A2BEBDC72B37149D00DBA7FC /* MockLoginService.swift in Sources */,
				A2BEBDB42B3665FD00DBA7FC /* NetworkService.swift in Sources */,
				A2BEBDEE2B3CCF1300DBA7FC /* EmploymentView.swift in Sources */,
				A2BEBDEA2B3B6B7900DBA7FC /* Deal.swift in Sources */,
				A2BEBDE72B3B6B4300DBA7FC /* DealDetailView.swift in Sources */,
				A2BEBDC62B37149A00DBA7FC /* MockServiceResponse.swift in Sources */,
				A2BEBDD12B3904AB00DBA7FC /* QuestionView.swift in Sources */,
				A2BEBDD92B3A025D00DBA7FC /* PieChartView.swift in Sources */,
				A2BEBD7E2B3663F000DBA7FC /* RandomThoughtsApp.swift in Sources */,
				A2BEBDBA2B36680600DBA7FC /* APIEndPoint.swift in Sources */,
				A2BEBDE12B3A652600DBA7FC /* LoadingView.swift in Sources */,
				A2BEBDBC2B366A6500DBA7FC /* RequestBuilder.swift in Sources */,
			);
			runOnlyForDeploymentPostprocessing = 0;
		};
		A2BEBD872B3663F300DBA7FC /* Sources */ = {
			isa = PBXSourcesBuildPhase;
			buildActionMask = 2147483647;
			files = (
				A2BEBDC12B3680E300DBA7FC /* LoginViewModelTests.swift in Sources */,
				A2BEBD902B3663F300DBA7FC /* RandomThoughtsTests.swift in Sources */,
				A2BEBDB82B36669B00DBA7FC /* MockLoginService.swift in Sources */,
				A2BEBDBE2B367F3000DBA7FC /* MockServiceResponse.swift in Sources */,
			);
			runOnlyForDeploymentPostprocessing = 0;
		};
		A2BEBD912B3663F300DBA7FC /* Sources */ = {
			isa = PBXSourcesBuildPhase;
			buildActionMask = 2147483647;
			files = (
				A2BEBD9A2B3663F300DBA7FC /* RandomThoughtsUITests.swift in Sources */,
				A2BEBD9C2B3663F300DBA7FC /* RandomThoughtsUITestsLaunchTests.swift in Sources */,
			);
			runOnlyForDeploymentPostprocessing = 0;
		};
/* End PBXSourcesBuildPhase section */

/* Begin PBXTargetDependency section */
		A2BEBD8D2B3663F300DBA7FC /* PBXTargetDependency */ = {
			isa = PBXTargetDependency;
			target = A2BEBD792B3663F000DBA7FC /* RandomThoughts */;
			targetProxy = A2BEBD8C2B3663F300DBA7FC /* PBXContainerItemProxy */;
		};
		A2BEBD972B3663F300DBA7FC /* PBXTargetDependency */ = {
			isa = PBXTargetDependency;
			target = A2BEBD792B3663F000DBA7FC /* RandomThoughts */;
			targetProxy = A2BEBD962B3663F300DBA7FC /* PBXContainerItemProxy */;
		};
/* End PBXTargetDependency section */

/* Begin XCBuildConfiguration section */
		A2BEBD9D2B3663F300DBA7FC /* Debug */ = {
			isa = XCBuildConfiguration;
			buildSettings = {
				ALWAYS_SEARCH_USER_PATHS = NO;
				ASSETCATALOG_COMPILER_GENERATE_SWIFT_ASSET_SYMBOL_EXTENSIONS = YES;
				CLANG_ANALYZER_NONNULL = YES;
				CLANG_ANALYZER_NUMBER_OBJECT_CONVERSION = YES_AGGRESSIVE;
				CLANG_CXX_LANGUAGE_STANDARD = "gnu++20";
				CLANG_ENABLE_MODULES = YES;
				CLANG_ENABLE_OBJC_ARC = YES;
				CLANG_ENABLE_OBJC_WEAK = YES;
				CLANG_WARN_BLOCK_CAPTURE_AUTORELEASING = YES;
				CLANG_WARN_BOOL_CONVERSION = YES;
				CLANG_WARN_COMMA = YES;
				CLANG_WARN_CONSTANT_CONVERSION = YES;
				CLANG_WARN_DEPRECATED_OBJC_IMPLEMENTATIONS = YES;
				CLANG_WARN_DIRECT_OBJC_ISA_USAGE = YES_ERROR;
				CLANG_WARN_DOCUMENTATION_COMMENTS = YES;
				CLANG_WARN_EMPTY_BODY = YES;
				CLANG_WARN_ENUM_CONVERSION = YES;
				CLANG_WARN_INFINITE_RECURSION = YES;
				CLANG_WARN_INT_CONVERSION = YES;
				CLANG_WARN_NON_LITERAL_NULL_CONVERSION = YES;
				CLANG_WARN_OBJC_IMPLICIT_RETAIN_SELF = YES;
				CLANG_WARN_OBJC_LITERAL_CONVERSION = YES;
				CLANG_WARN_OBJC_ROOT_CLASS = YES_ERROR;
				CLANG_WARN_QUOTED_INCLUDE_IN_FRAMEWORK_HEADER = YES;
				CLANG_WARN_RANGE_LOOP_ANALYSIS = YES;
				CLANG_WARN_STRICT_PROTOTYPES = YES;
				CLANG_WARN_SUSPICIOUS_MOVE = YES;
				CLANG_WARN_UNGUARDED_AVAILABILITY = YES_AGGRESSIVE;
				CLANG_WARN_UNREACHABLE_CODE = YES;
				CLANG_WARN__DUPLICATE_METHOD_MATCH = YES;
				COPY_PHASE_STRIP = NO;
				DEBUG_INFORMATION_FORMAT = dwarf;
				ENABLE_STRICT_OBJC_MSGSEND = YES;
				ENABLE_TESTABILITY = YES;
				ENABLE_USER_SCRIPT_SANDBOXING = YES;
				GCC_C_LANGUAGE_STANDARD = gnu17;
				GCC_DYNAMIC_NO_PIC = NO;
				GCC_NO_COMMON_BLOCKS = YES;
				GCC_OPTIMIZATION_LEVEL = 0;
				GCC_PREPROCESSOR_DEFINITIONS = (
					"DEBUG=1",
					"$(inherited)",
				);
				GCC_WARN_64_TO_32_BIT_CONVERSION = YES;
				GCC_WARN_ABOUT_RETURN_TYPE = YES_ERROR;
				GCC_WARN_UNDECLARED_SELECTOR = YES;
				GCC_WARN_UNINITIALIZED_AUTOS = YES_AGGRESSIVE;
				GCC_WARN_UNUSED_FUNCTION = YES;
				GCC_WARN_UNUSED_VARIABLE = YES;
				LOCALIZATION_PREFERS_STRING_CATALOGS = YES;
				MTL_ENABLE_DEBUG_INFO = INCLUDE_SOURCE;
				MTL_FAST_MATH = YES;
				ONLY_ACTIVE_ARCH = YES;
				SWIFT_ACTIVE_COMPILATION_CONDITIONS = "DEBUG $(inherited)";
				SWIFT_OPTIMIZATION_LEVEL = "-Onone";
			};
			name = Debug;
		};
		A2BEBD9E2B3663F300DBA7FC /* Release */ = {
			isa = XCBuildConfiguration;
			buildSettings = {
				ALWAYS_SEARCH_USER_PATHS = NO;
				ASSETCATALOG_COMPILER_GENERATE_SWIFT_ASSET_SYMBOL_EXTENSIONS = YES;
				CLANG_ANALYZER_NONNULL = YES;
				CLANG_ANALYZER_NUMBER_OBJECT_CONVERSION = YES_AGGRESSIVE;
				CLANG_CXX_LANGUAGE_STANDARD = "gnu++20";
				CLANG_ENABLE_MODULES = YES;
				CLANG_ENABLE_OBJC_ARC = YES;
				CLANG_ENABLE_OBJC_WEAK = YES;
				CLANG_WARN_BLOCK_CAPTURE_AUTORELEASING = YES;
				CLANG_WARN_BOOL_CONVERSION = YES;
				CLANG_WARN_COMMA = YES;
				CLANG_WARN_CONSTANT_CONVERSION = YES;
				CLANG_WARN_DEPRECATED_OBJC_IMPLEMENTATIONS = YES;
				CLANG_WARN_DIRECT_OBJC_ISA_USAGE = YES_ERROR;
				CLANG_WARN_DOCUMENTATION_COMMENTS = YES;
				CLANG_WARN_EMPTY_BODY = YES;
				CLANG_WARN_ENUM_CONVERSION = YES;
				CLANG_WARN_INFINITE_RECURSION = YES;
				CLANG_WARN_INT_CONVERSION = YES;
				CLANG_WARN_NON_LITERAL_NULL_CONVERSION = YES;
				CLANG_WARN_OBJC_IMPLICIT_RETAIN_SELF = YES;
				CLANG_WARN_OBJC_LITERAL_CONVERSION = YES;
				CLANG_WARN_OBJC_ROOT_CLASS = YES_ERROR;
				CLANG_WARN_QUOTED_INCLUDE_IN_FRAMEWORK_HEADER = YES;
				CLANG_WARN_RANGE_LOOP_ANALYSIS = YES;
				CLANG_WARN_STRICT_PROTOTYPES = YES;
				CLANG_WARN_SUSPICIOUS_MOVE = YES;
				CLANG_WARN_UNGUARDED_AVAILABILITY = YES_AGGRESSIVE;
				CLANG_WARN_UNREACHABLE_CODE = YES;
				CLANG_WARN__DUPLICATE_METHOD_MATCH = YES;
				COPY_PHASE_STRIP = NO;
				DEBUG_INFORMATION_FORMAT = "dwarf-with-dsym";
				ENABLE_NS_ASSERTIONS = NO;
				ENABLE_STRICT_OBJC_MSGSEND = YES;
				ENABLE_USER_SCRIPT_SANDBOXING = YES;
				GCC_C_LANGUAGE_STANDARD = gnu17;
				GCC_NO_COMMON_BLOCKS = YES;
				GCC_WARN_64_TO_32_BIT_CONVERSION = YES;
				GCC_WARN_ABOUT_RETURN_TYPE = YES_ERROR;
				GCC_WARN_UNDECLARED_SELECTOR = YES;
				GCC_WARN_UNINITIALIZED_AUTOS = YES_AGGRESSIVE;
				GCC_WARN_UNUSED_FUNCTION = YES;
				GCC_WARN_UNUSED_VARIABLE = YES;
				LOCALIZATION_PREFERS_STRING_CATALOGS = YES;
				MTL_ENABLE_DEBUG_INFO = NO;
				MTL_FAST_MATH = YES;
				SWIFT_COMPILATION_MODE = wholemodule;
			};
			name = Release;
		};
		A2BEBDA02B3663F300DBA7FC /* Debug */ = {
			isa = XCBuildConfiguration;
			buildSettings = {
				ASSETCATALOG_COMPILER_APPICON_NAME = AppIcon;
				ASSETCATALOG_COMPILER_GLOBAL_ACCENT_COLOR_NAME = AccentColor;
				CODE_SIGN_ENTITLEMENTS = RandomThoughts/RandomThoughts.entitlements;
				CODE_SIGN_STYLE = Automatic;
				CURRENT_PROJECT_VERSION = 1;
				DEVELOPMENT_ASSET_PATHS = "\"RandomThoughts/Preview Content\"";
				DEVELOPMENT_TEAM = A5T33ABXDL;
				ENABLE_HARDENED_RUNTIME = YES;
				ENABLE_PREVIEWS = YES;
				GENERATE_INFOPLIST_FILE = YES;
				"INFOPLIST_KEY_UIApplicationSceneManifest_Generation[sdk=iphoneos*]" = YES;
				"INFOPLIST_KEY_UIApplicationSceneManifest_Generation[sdk=iphonesimulator*]" = YES;
				"INFOPLIST_KEY_UIApplicationSupportsIndirectInputEvents[sdk=iphoneos*]" = YES;
				"INFOPLIST_KEY_UIApplicationSupportsIndirectInputEvents[sdk=iphonesimulator*]" = YES;
				"INFOPLIST_KEY_UILaunchScreen_Generation[sdk=iphoneos*]" = YES;
				"INFOPLIST_KEY_UILaunchScreen_Generation[sdk=iphonesimulator*]" = YES;
				"INFOPLIST_KEY_UIStatusBarStyle[sdk=iphoneos*]" = UIStatusBarStyleDefault;
				"INFOPLIST_KEY_UIStatusBarStyle[sdk=iphonesimulator*]" = UIStatusBarStyleDefault;
				INFOPLIST_KEY_UISupportedInterfaceOrientations_iPad = "UIInterfaceOrientationPortrait UIInterfaceOrientationPortraitUpsideDown UIInterfaceOrientationLandscapeLeft UIInterfaceOrientationLandscapeRight";
				INFOPLIST_KEY_UISupportedInterfaceOrientations_iPhone = "UIInterfaceOrientationPortrait UIInterfaceOrientationLandscapeLeft UIInterfaceOrientationLandscapeRight";
				IPHONEOS_DEPLOYMENT_TARGET = 17.0;
				LD_RUNPATH_SEARCH_PATHS = "@executable_path/Frameworks";
				"LD_RUNPATH_SEARCH_PATHS[sdk=macosx*]" = "@executable_path/../Frameworks";
				MACOSX_DEPLOYMENT_TARGET = 14.2;
				MARKETING_VERSION = 1.0;
				PRODUCT_BUNDLE_IDENTIFIER = sukhdev.RandomThoughts;
				PRODUCT_NAME = "$(TARGET_NAME)";
				SDKROOT = auto;
				SUPPORTED_PLATFORMS = "iphoneos iphonesimulator macosx";
				SWIFT_EMIT_LOC_STRINGS = YES;
				SWIFT_VERSION = 5.0;
				TARGETED_DEVICE_FAMILY = "1,2";
			};
			name = Debug;
		};
		A2BEBDA12B3663F300DBA7FC /* Release */ = {
			isa = XCBuildConfiguration;
			buildSettings = {
				ASSETCATALOG_COMPILER_APPICON_NAME = AppIcon;
				ASSETCATALOG_COMPILER_GLOBAL_ACCENT_COLOR_NAME = AccentColor;
				CODE_SIGN_ENTITLEMENTS = RandomThoughts/RandomThoughts.entitlements;
				CODE_SIGN_STYLE = Automatic;
				CURRENT_PROJECT_VERSION = 1;
				DEVELOPMENT_ASSET_PATHS = "\"RandomThoughts/Preview Content\"";
				DEVELOPMENT_TEAM = A5T33ABXDL;
				ENABLE_HARDENED_RUNTIME = YES;
				ENABLE_PREVIEWS = YES;
				GENERATE_INFOPLIST_FILE = YES;
				"INFOPLIST_KEY_UIApplicationSceneManifest_Generation[sdk=iphoneos*]" = YES;
				"INFOPLIST_KEY_UIApplicationSceneManifest_Generation[sdk=iphonesimulator*]" = YES;
				"INFOPLIST_KEY_UIApplicationSupportsIndirectInputEvents[sdk=iphoneos*]" = YES;
				"INFOPLIST_KEY_UIApplicationSupportsIndirectInputEvents[sdk=iphonesimulator*]" = YES;
				"INFOPLIST_KEY_UILaunchScreen_Generation[sdk=iphoneos*]" = YES;
				"INFOPLIST_KEY_UILaunchScreen_Generation[sdk=iphonesimulator*]" = YES;
				"INFOPLIST_KEY_UIStatusBarStyle[sdk=iphoneos*]" = UIStatusBarStyleDefault;
				"INFOPLIST_KEY_UIStatusBarStyle[sdk=iphonesimulator*]" = UIStatusBarStyleDefault;
				INFOPLIST_KEY_UISupportedInterfaceOrientations_iPad = "UIInterfaceOrientationPortrait UIInterfaceOrientationPortraitUpsideDown UIInterfaceOrientationLandscapeLeft UIInterfaceOrientationLandscapeRight";
				INFOPLIST_KEY_UISupportedInterfaceOrientations_iPhone = "UIInterfaceOrientationPortrait UIInterfaceOrientationLandscapeLeft UIInterfaceOrientationLandscapeRight";
				IPHONEOS_DEPLOYMENT_TARGET = 17.0;
				LD_RUNPATH_SEARCH_PATHS = "@executable_path/Frameworks";
				"LD_RUNPATH_SEARCH_PATHS[sdk=macosx*]" = "@executable_path/../Frameworks";
				MACOSX_DEPLOYMENT_TARGET = 14.2;
				MARKETING_VERSION = 1.0;
				PRODUCT_BUNDLE_IDENTIFIER = sukhdev.RandomThoughts;
				PRODUCT_NAME = "$(TARGET_NAME)";
				SDKROOT = auto;
				SUPPORTED_PLATFORMS = "iphoneos iphonesimulator macosx";
				SWIFT_EMIT_LOC_STRINGS = YES;
				SWIFT_VERSION = 5.0;
				TARGETED_DEVICE_FAMILY = "1,2";
			};
			name = Release;
		};
		A2BEBDA32B3663F300DBA7FC /* Debug */ = {
			isa = XCBuildConfiguration;
			buildSettings = {
				ALWAYS_EMBED_SWIFT_STANDARD_LIBRARIES = YES;
				BUNDLE_LOADER = "$(TEST_HOST)";
				CODE_SIGN_STYLE = Automatic;
				CURRENT_PROJECT_VERSION = 1;
				DEVELOPMENT_TEAM = A5T33ABXDL;
				GENERATE_INFOPLIST_FILE = YES;
				IPHONEOS_DEPLOYMENT_TARGET = 17.2;
				MACOSX_DEPLOYMENT_TARGET = 14.2;
				MARKETING_VERSION = 1.0;
				PRODUCT_BUNDLE_IDENTIFIER = sukhdev.RandomThoughtsTests;
				PRODUCT_NAME = "$(TARGET_NAME)";
				SDKROOT = auto;
				SUPPORTED_PLATFORMS = "iphoneos iphonesimulator macosx";
				SWIFT_EMIT_LOC_STRINGS = NO;
				SWIFT_VERSION = 5.0;
				TARGETED_DEVICE_FAMILY = "1,2";
				TEST_HOST = "$(BUILT_PRODUCTS_DIR)/RandomThoughts.app/$(BUNDLE_EXECUTABLE_FOLDER_PATH)/RandomThoughts";
			};
			name = Debug;
		};
		A2BEBDA42B3663F300DBA7FC /* Release */ = {
			isa = XCBuildConfiguration;
			buildSettings = {
				ALWAYS_EMBED_SWIFT_STANDARD_LIBRARIES = YES;
				BUNDLE_LOADER = "$(TEST_HOST)";
				CODE_SIGN_STYLE = Automatic;
				CURRENT_PROJECT_VERSION = 1;
				DEVELOPMENT_TEAM = A5T33ABXDL;
				GENERATE_INFOPLIST_FILE = YES;
				IPHONEOS_DEPLOYMENT_TARGET = 17.2;
				MACOSX_DEPLOYMENT_TARGET = 14.2;
				MARKETING_VERSION = 1.0;
				PRODUCT_BUNDLE_IDENTIFIER = sukhdev.RandomThoughtsTests;
				PRODUCT_NAME = "$(TARGET_NAME)";
				SDKROOT = auto;
				SUPPORTED_PLATFORMS = "iphoneos iphonesimulator macosx";
				SWIFT_EMIT_LOC_STRINGS = NO;
				SWIFT_VERSION = 5.0;
				TARGETED_DEVICE_FAMILY = "1,2";
				TEST_HOST = "$(BUILT_PRODUCTS_DIR)/RandomThoughts.app/$(BUNDLE_EXECUTABLE_FOLDER_PATH)/RandomThoughts";
			};
			name = Release;
		};
		A2BEBDA62B3663F300DBA7FC /* Debug */ = {
			isa = XCBuildConfiguration;
			buildSettings = {
				ALWAYS_EMBED_SWIFT_STANDARD_LIBRARIES = YES;
				CODE_SIGN_STYLE = Automatic;
				CURRENT_PROJECT_VERSION = 1;
				DEVELOPMENT_TEAM = A5T33ABXDL;
				GENERATE_INFOPLIST_FILE = YES;
				IPHONEOS_DEPLOYMENT_TARGET = 17.2;
				MACOSX_DEPLOYMENT_TARGET = 14.2;
				MARKETING_VERSION = 1.0;
				PRODUCT_BUNDLE_IDENTIFIER = sukhdev.RandomThoughtsUITests;
				PRODUCT_NAME = "$(TARGET_NAME)";
				SDKROOT = auto;
				SUPPORTED_PLATFORMS = "iphoneos iphonesimulator macosx";
				SWIFT_EMIT_LOC_STRINGS = NO;
				SWIFT_VERSION = 5.0;
				TARGETED_DEVICE_FAMILY = "1,2";
				TEST_TARGET_NAME = RandomThoughts;
			};
			name = Debug;
		};
		A2BEBDA72B3663F300DBA7FC /* Release */ = {
			isa = XCBuildConfiguration;
			buildSettings = {
				ALWAYS_EMBED_SWIFT_STANDARD_LIBRARIES = YES;
				CODE_SIGN_STYLE = Automatic;
				CURRENT_PROJECT_VERSION = 1;
				DEVELOPMENT_TEAM = A5T33ABXDL;
				GENERATE_INFOPLIST_FILE = YES;
				IPHONEOS_DEPLOYMENT_TARGET = 17.2;
				MACOSX_DEPLOYMENT_TARGET = 14.2;
				MARKETING_VERSION = 1.0;
				PRODUCT_BUNDLE_IDENTIFIER = sukhdev.RandomThoughtsUITests;
				PRODUCT_NAME = "$(TARGET_NAME)";
				SDKROOT = auto;
				SUPPORTED_PLATFORMS = "iphoneos iphonesimulator macosx";
				SWIFT_EMIT_LOC_STRINGS = NO;
				SWIFT_VERSION = 5.0;
				TARGETED_DEVICE_FAMILY = "1,2";
				TEST_TARGET_NAME = RandomThoughts;
			};
			name = Release;
		};
/* End XCBuildConfiguration section */

/* Begin XCConfigurationList section */
		A2BEBD752B3663F000DBA7FC /* Build configuration list for PBXProject "RandomThoughts" */ = {
			isa = XCConfigurationList;
			buildConfigurations = (
				A2BEBD9D2B3663F300DBA7FC /* Debug */,
				A2BEBD9E2B3663F300DBA7FC /* Release */,
			);
			defaultConfigurationIsVisible = 0;
			defaultConfigurationName = Release;
		};
		A2BEBD9F2B3663F300DBA7FC /* Build configuration list for PBXNativeTarget "RandomThoughts" */ = {
			isa = XCConfigurationList;
			buildConfigurations = (
				A2BEBDA02B3663F300DBA7FC /* Debug */,
				A2BEBDA12B3663F300DBA7FC /* Release */,
			);
			defaultConfigurationIsVisible = 0;
			defaultConfigurationName = Release;
		};
		A2BEBDA22B3663F300DBA7FC /* Build configuration list for PBXNativeTarget "RandomThoughtsTests" */ = {
			isa = XCConfigurationList;
			buildConfigurations = (
				A2BEBDA32B3663F300DBA7FC /* Debug */,
				A2BEBDA42B3663F300DBA7FC /* Release */,
			);
			defaultConfigurationIsVisible = 0;
			defaultConfigurationName = Release;
		};
		A2BEBDA52B3663F300DBA7FC /* Build configuration list for PBXNativeTarget "RandomThoughtsUITests" */ = {
			isa = XCConfigurationList;
			buildConfigurations = (
				A2BEBDA62B3663F300DBA7FC /* Debug */,
				A2BEBDA72B3663F300DBA7FC /* Release */,
			);
			defaultConfigurationIsVisible = 0;
			defaultConfigurationName = Release;
		};
/* End XCConfigurationList section */
	};
	rootObject = A2BEBD722B3663F000DBA7FC /* Project object */;
}
